
Microsoft Visual Studio Solution File, Format Version 12.00
# Visual Studio Version 17
VisualStudioVersion = 17.0.31903.59
MinimumVisualStudioVersion = 10.0.40219.1
Project("{F2A71F9B-5D33-465A-A702-920D77279786}") = "TextblockTests", "tests\TextblockTests.fsproj", "{07A689D7-C798-4A2E-9200-91BF14A4A97D}"
EndProject
Project("{FAE04EC0-301F-11D3-BF4B-00C04F79EFBC}") = "TextBlock", "src\TextBlock.csproj", "{7414A202-8DAD-4948-BFA0-D302234FF1C4}"
EndProject
Global
	GlobalSection(SolutionConfigurationPlatforms) = preSolution
		Debug|Any CPU = Debug|Any CPU
		Release|Any CPU = Release|Any CPU
	EndGlobalSection
	GlobalSection(SolutionProperties) = preSolution
		HideSolutionNode = FALSE
	EndGlobalSection
	GlobalSection(ProjectConfigurationPlatforms) = postSolution
		{97879F7A-A099-4F0C-B450-1300529D4DC6}.Debug|Any CPU.ActiveCfg = Debug|Any CPU
		{97879F7A-A099-4F0C-B450-1300529D4DC6}.Debug|Any CPU.Build.0 = Debug|Any CPU
		{97879F7A-A099-4F0C-B450-1300529D4DC6}.Release|Any CPU.ActiveCfg = Release|Any CPU
		{97879F7A-A099-4F0C-B450-1300529D4DC6}.Release|Any CPU.Build.0 = Release|Any CPU
		{07A689D7-C798-4A2E-9200-91BF14A4A97D}.Debug|Any CPU.ActiveCfg = Debug|Any CPU
		{07A689D7-C798-4A2E-9200-91BF14A4A97D}.Debug|Any CPU.Build.0 = Debug|Any CPU
		{07A689D7-C798-4A2E-9200-91BF14A4A97D}.Release|Any CPU.ActiveCfg = Release|Any CPU
		{07A689D7-C798-4A2E-9200-91BF14A4A97D}.Release|Any CPU.Build.0 = Release|Any CPU
		{7414A202-8DAD-4948-BFA0-D302234FF1C4}.Debug|Any CPU.ActiveCfg = Debug|Any CPU
		{7414A202-8DAD-4948-BFA0-D302234FF1C4}.Debug|Any CPU.Build.0 = Debug|Any CPU
		{7414A202-8DAD-4948-BFA0-D302234FF1C4}.Release|Any CPU.ActiveCfg = Release|Any CPU
		{7414A202-8DAD-4948-BFA0-D302234FF1C4}.Release|Any CPU.Build.0 = Release|Any CPU
	EndGlobalSection
EndGlobal
